
Microsoft Visual Studio Solution File, Format Version 12.00
# Visual Studio Version 17
VisualStudioVersion = 17.11.35219.272
MinimumVisualStudioVersion = 10.0.40219.1
Project("{FAE04EC0-301F-11D3-BF4B-00C04F79EFBC}") = "nyt projekt", "nyt projekt.csproj", "{08CC4B4B-5069-4219-8CFB-77A62DC5C255}"
EndProject
Global
	GlobalSection(SolutionConfigurationPlatforms) = preSolution
		Debug|Any CPU = Debug|Any CPU
		Release|Any CPU = Release|Any CPU
	EndGlobalSection
	GlobalSection(ProjectConfigurationPlatforms) = postSolution
		{08CC4B4B-5069-4219-8CFB-77A62DC5C255}.Debug|Any CPU.ActiveCfg = Debug|Any CPU
		{08CC4B4B-5069-4219-8CFB-77A62DC5C255}.Debug|Any CPU.Build.0 = Debug|Any CPU
		{08CC4B4B-5069-4219-8CFB-77A62DC5C255}.Release|Any CPU.ActiveCfg = Release|Any CPU
		{08CC4B4B-5069-4219-8CFB-77A62DC5C255}.Release|Any CPU.Build.0 = Release|Any CPU
	EndGlobalSection
	GlobalSection(SolutionProperties) = preSolution
		HideSolutionNode = FALSE
	EndGlobalSection
	GlobalSection(ExtensibilityGlobals) = postSolution
		SolutionGuid = {F44E7B07-30AE-44FB-9447-84A56EF7B65B}
	EndGlobalSection
EndGlobal
